// !$*UTF8*$!
{
	archiveVersion = 1;
	classes = {
	};
	objectVersion = 56;
	objects = {

/* Begin PBXBuildFile section */
		C0CEA1C22B23453D000349D3 /* AppDelegate.swift in Sources */ = {isa = PBXBuildFile; fileRef = C0CEA1C12B23453D000349D3 /* AppDelegate.swift */; };
		C0CEA1C42B23453D000349D3 /* SceneDelegate.swift in Sources */ = {isa = PBXBuildFile; fileRef = C0CEA1C32B23453D000349D3 /* SceneDelegate.swift */; };
		C0CEA1C62B23453D000349D3 /* ViewController.swift in Sources */ = {isa = PBXBuildFile; fileRef = C0CEA1C52B23453D000349D3 /* ViewController.swift */; };
		C0CEA1C92B23453D000349D3 /* Main.storyboard in Resources */ = {isa = PBXBuildFile; fileRef = C0CEA1C72B23453D000349D3 /* Main.storyboard */; };
		C0CEA1CB2B23454F000349D3 /* Assets.xcassets in Resources */ = {isa = PBXBuildFile; fileRef = C0CEA1CA2B23454F000349D3 /* Assets.xcassets */; };
		C0CEA1CE2B23454F000349D3 /* LaunchScreen.storyboard in Resources */ = {isa = PBXBuildFile; fileRef = C0CEA1CC2B23454F000349D3 /* LaunchScreen.storyboard */; };
		C0CEA1DF2B23470E000349D3 /* VerdeView.swift in Sources */ = {isa = PBXBuildFile; fileRef = C0CEA1DE2B23470E000349D3 /* VerdeView.swift */; };
		C0CEA1E12B234718000349D3 /* VerdeViewController.swift in Sources */ = {isa = PBXBuildFile; fileRef = C0CEA1E02B234718000349D3 /* VerdeViewController.swift */; };
		C0CEA1E32B234722000349D3 /* VermelhaView.swift in Sources */ = {isa = PBXBuildFile; fileRef = C0CEA1E22B234722000349D3 /* VermelhaView.swift */; };
		C0CEA1E52B234734000349D3 /* VermelhaViewController.swift in Sources */ = {isa = PBXBuildFile; fileRef = C0CEA1E42B234734000349D3 /* VermelhaViewController.swift */; };
		C0CEA1E72B23473E000349D3 /* AzulView.swift in Sources */ = {isa = PBXBuildFile; fileRef = C0CEA1E62B23473E000349D3 /* AzulView.swift */; };
		C0CEA1E92B23474B000349D3 /* AzulViewController.swift in Sources */ = {isa = PBXBuildFile; fileRef = C0CEA1E82B23474B000349D3 /* AzulViewController.swift */; };
		C0CEA1EB2B23475D000349D3 /* VerdeCoordinator.swift in Sources */ = {isa = PBXBuildFile; fileRef = C0CEA1EA2B23475D000349D3 /* VerdeCoordinator.swift */; };
		C0CEA1ED2B23476A000349D3 /* AzulCoordinator.swift in Sources */ = {isa = PBXBuildFile; fileRef = C0CEA1EC2B23476A000349D3 /* AzulCoordinator.swift */; };
		C0CEA1EF2B23477E000349D3 /* VermelhaCoordinator.swift in Sources */ = {isa = PBXBuildFile; fileRef = C0CEA1EE2B23477E000349D3 /* VermelhaCoordinator.swift */; };
		C0CEA1F12B2348AC000349D3 /* Coordinator.swift in Sources */ = {isa = PBXBuildFile; fileRef = C0CEA1F02B2348AC000349D3 /* Coordinator.swift */; };
		C0CEA1F42B234AF8000349D3 /* ButtonDefault.swift in Sources */ = {isa = PBXBuildFile; fileRef = C0CEA1F32B234AF8000349D3 /* ButtonDefault.swift */; };
		C0CEA1F72B2359ED000349D3 /* UIColor+.swift in Sources */ = {isa = PBXBuildFile; fileRef = C0CEA1F62B2359ED000349D3 /* UIColor+.swift */; };
/* End PBXBuildFile section */

/* Begin PBXFileReference section */
		C0CEA1BE2B23453D000349D3 /* TelasSwift.app */ = {isa = PBXFileReference; explicitFileType = wrapper.application; includeInIndex = 0; path = TelasSwift.app; sourceTree = BUILT_PRODUCTS_DIR; };
		C0CEA1C12B23453D000349D3 /* AppDelegate.swift */ = {isa = PBXFileReference; lastKnownFileType = sourcecode.swift; path = AppDelegate.swift; sourceTree = "<group>"; };
		C0CEA1C32B23453D000349D3 /* SceneDelegate.swift */ = {isa = PBXFileReference; lastKnownFileType = sourcecode.swift; path = SceneDelegate.swift; sourceTree = "<group>"; };
		C0CEA1C52B23453D000349D3 /* ViewController.swift */ = {isa = PBXFileReference; lastKnownFileType = sourcecode.swift; path = ViewController.swift; sourceTree = "<group>"; };
		C0CEA1C82B23453D000349D3 /* Base */ = {isa = PBXFileReference; lastKnownFileType = file.storyboard; name = Base; path = Base.lproj/Main.storyboard; sourceTree = "<group>"; };
		C0CEA1CA2B23454F000349D3 /* Assets.xcassets */ = {isa = PBXFileReference; lastKnownFileType = folder.assetcatalog; path = Assets.xcassets; sourceTree = "<group>"; };
		C0CEA1CD2B23454F000349D3 /* Base */ = {isa = PBXFileReference; lastKnownFileType = file.storyboard; name = Base; path = Base.lproj/LaunchScreen.storyboard; sourceTree = "<group>"; };
		C0CEA1CF2B23454F000349D3 /* Info.plist */ = {isa = PBXFileReference; lastKnownFileType = text.plist.xml; path = Info.plist; sourceTree = "<group>"; };
		C0CEA1DE2B23470E000349D3 /* VerdeView.swift */ = {isa = PBXFileReference; lastKnownFileType = sourcecode.swift; path = VerdeView.swift; sourceTree = "<group>"; };
		C0CEA1E02B234718000349D3 /* VerdeViewController.swift */ = {isa = PBXFileReference; lastKnownFileType = sourcecode.swift; path = VerdeViewController.swift; sourceTree = "<group>"; };
		C0CEA1E22B234722000349D3 /* VermelhaView.swift */ = {isa = PBXFileReference; lastKnownFileType = sourcecode.swift; path = VermelhaView.swift; sourceTree = "<group>"; };
		C0CEA1E42B234734000349D3 /* VermelhaViewController.swift */ = {isa = PBXFileReference; lastKnownFileType = sourcecode.swift; path = VermelhaViewController.swift; sourceTree = "<group>"; };
		C0CEA1E62B23473E000349D3 /* AzulView.swift */ = {isa = PBXFileReference; lastKnownFileType = sourcecode.swift; path = AzulView.swift; sourceTree = "<group>"; };
		C0CEA1E82B23474B000349D3 /* AzulViewController.swift */ = {isa = PBXFileReference; lastKnownFileType = sourcecode.swift; path = AzulViewController.swift; sourceTree = "<group>"; };
		C0CEA1EA2B23475D000349D3 /* VerdeCoordinator.swift */ = {isa = PBXFileReference; lastKnownFileType = sourcecode.swift; path = VerdeCoordinator.swift; sourceTree = "<group>"; };
		C0CEA1EC2B23476A000349D3 /* AzulCoordinator.swift */ = {isa = PBXFileReference; lastKnownFileType = sourcecode.swift; path = AzulCoordinator.swift; sourceTree = "<group>"; };
		C0CEA1EE2B23477E000349D3 /* VermelhaCoordinator.swift */ = {isa = PBXFileReference; lastKnownFileType = sourcecode.swift; path = VermelhaCoordinator.swift; sourceTree = "<group>"; };
		C0CEA1F02B2348AC000349D3 /* Coordinator.swift */ = {isa = PBXFileReference; lastKnownFileType = sourcecode.swift; path = Coordinator.swift; sourceTree = "<group>"; };
		C0CEA1F32B234AF8000349D3 /* ButtonDefault.swift */ = {isa = PBXFileReference; lastKnownFileType = sourcecode.swift; path = ButtonDefault.swift; sourceTree = "<group>"; };
		C0CEA1F62B2359ED000349D3 /* UIColor+.swift */ = {isa = PBXFileReference; lastKnownFileType = sourcecode.swift; path = "UIColor+.swift"; sourceTree = "<group>"; };
/* End PBXFileReference section */

/* Begin PBXFrameworksBuildPhase section */
		C0CEA1BB2B23453D000349D3 /* Frameworks */ = {
			isa = PBXFrameworksBuildPhase;
			buildActionMask = 2147483647;
			files = (
			);
			runOnlyForDeploymentPostprocessing = 0;
		};
/* End PBXFrameworksBuildPhase section */

/* Begin PBXGroup section */
		C0CEA1B52B23453D000349D3 = {
			isa = PBXGroup;
			children = (
				C0CEA1C02B23453D000349D3 /* TelasSwift */,
				C0CEA1BF2B23453D000349D3 /* Products */,
			);
			sourceTree = "<group>";
		};
		C0CEA1BF2B23453D000349D3 /* Products */ = {
			isa = PBXGroup;
			children = (
				C0CEA1BE2B23453D000349D3 /* TelasSwift.app */,
			);
			name = Products;
			sourceTree = "<group>";
		};
		C0CEA1C02B23453D000349D3 /* TelasSwift */ = {
			isa = PBXGroup;
			children = (
				C0CEA1D62B234627000349D3 /* Source */,
				C0CEA1D52B234601000349D3 /* Resource */,
				C0CEA1CF2B23454F000349D3 /* Info.plist */,
			);
			path = TelasSwift;
			sourceTree = "<group>";
		};
		C0CEA1D52B234601000349D3 /* Resource */ = {
			isa = PBXGroup;
			children = (
				C0CEA1C32B23453D000349D3 /* SceneDelegate.swift */,
				C0CEA1C52B23453D000349D3 /* ViewController.swift */,
				C0CEA1C12B23453D000349D3 /* AppDelegate.swift */,
				C0CEA1CA2B23454F000349D3 /* Assets.xcassets */,
				C0CEA1CC2B23454F000349D3 /* LaunchScreen.storyboard */,
				C0CEA1C72B23453D000349D3 /* Main.storyboard */,
			);
			path = Resource;
			sourceTree = "<group>";
		};
		C0CEA1D62B234627000349D3 /* Source */ = {
			isa = PBXGroup;
			children = (
				C0CEA1F52B2359D8000349D3 /* Extensions */,
				C0CEA1F22B234AD7000349D3 /* Infrasctructure */,
				C0CEA1DA2B2346CE000349D3 /* Controller */,
				C0CEA1D82B23468E000349D3 /* Coordinator */,
			);
			path = Source;
			sourceTree = "<group>";
		};
		C0CEA1D82B23468E000349D3 /* Coordinator */ = {
			isa = PBXGroup;
			children = (
				C0CEA1EA2B23475D000349D3 /* VerdeCoordinator.swift */,
				C0CEA1EE2B23477E000349D3 /* VermelhaCoordinator.swift */,
				C0CEA1EC2B23476A000349D3 /* AzulCoordinator.swift */,
				C0CEA1F02B2348AC000349D3 /* Coordinator.swift */,
			);
			path = Coordinator;
			sourceTree = "<group>";
		};
		C0CEA1DA2B2346CE000349D3 /* Controller */ = {
			isa = PBXGroup;
			children = (
				C0CEA1DB2B2346D5000349D3 /* Azul */,
				C0CEA1DD2B2346E7000349D3 /* Verde */,
				C0CEA1DC2B2346DB000349D3 /* Vermelha */,
			);
			path = Controller;
			sourceTree = "<group>";
		};
		C0CEA1DB2B2346D5000349D3 /* Azul */ = {
			isa = PBXGroup;
			children = (
				C0CEA1E62B23473E000349D3 /* AzulView.swift */,
				C0CEA1E82B23474B000349D3 /* AzulViewController.swift */,
			);
			path = Azul;
			sourceTree = "<group>";
		};
		C0CEA1DC2B2346DB000349D3 /* Vermelha */ = {
			isa = PBXGroup;
			children = (
				C0CEA1E22B234722000349D3 /* VermelhaView.swift */,
				C0CEA1E42B234734000349D3 /* VermelhaViewController.swift */,
			);
			path = Vermelha;
			sourceTree = "<group>";
		};
		C0CEA1DD2B2346E7000349D3 /* Verde */ = {
			isa = PBXGroup;
			children = (
				C0CEA1DE2B23470E000349D3 /* VerdeView.swift */,
				C0CEA1E02B234718000349D3 /* VerdeViewController.swift */,
			);
			path = Verde;
			sourceTree = "<group>";
		};
		C0CEA1F22B234AD7000349D3 /* Infrasctructure */ = {
			isa = PBXGroup;
			children = (
				C0CEA1F32B234AF8000349D3 /* ButtonDefault.swift */,
			);
			path = Infrasctructure;
			sourceTree = "<group>";
		};
		C0CEA1F52B2359D8000349D3 /* Extensions */ = {
			isa = PBXGroup;
			children = (
				C0CEA1F62B2359ED000349D3 /* UIColor+.swift */,
			);
			path = Extensions;
			sourceTree = "<group>";
		};
/* End PBXGroup section */

/* Begin PBXNativeTarget section */
		C0CEA1BD2B23453D000349D3 /* TelasSwift */ = {
			isa = PBXNativeTarget;
			buildConfigurationList = C0CEA1D22B234550000349D3 /* Build configuration list for PBXNativeTarget "TelasSwift" */;
			buildPhases = (
				C0CEA1BA2B23453D000349D3 /* Sources */,
				C0CEA1BB2B23453D000349D3 /* Frameworks */,
				C0CEA1BC2B23453D000349D3 /* Resources */,
			);
			buildRules = (
			);
			dependencies = (
			);
			name = TelasSwift;
			productName = TelasSwift;
			productReference = C0CEA1BE2B23453D000349D3 /* TelasSwift.app */;
			productType = "com.apple.product-type.application";
		};
/* End PBXNativeTarget section */

/* Begin PBXProject section */
		C0CEA1B62B23453D000349D3 /* Project object */ = {
			isa = PBXProject;
			attributes = {
				BuildIndependentTargetsInParallel = 1;
				LastSwiftUpdateCheck = 1500;
				LastUpgradeCheck = 1500;
				TargetAttributes = {
					C0CEA1BD2B23453D000349D3 = {
						CreatedOnToolsVersion = 15.0.1;
					};
				};
			};
			buildConfigurationList = C0CEA1B92B23453D000349D3 /* Build configuration list for PBXProject "TelasSwift" */;
			compatibilityVersion = "Xcode 14.0";
			developmentRegion = en;
			hasScannedForEncodings = 0;
			knownRegions = (
				en,
				Base,
			);
			mainGroup = C0CEA1B52B23453D000349D3;
			productRefGroup = C0CEA1BF2B23453D000349D3 /* Products */;
			projectDirPath = "";
			projectRoot = "";
			targets = (
				C0CEA1BD2B23453D000349D3 /* TelasSwift */,
			);
		};
/* End PBXProject section */

/* Begin PBXResourcesBuildPhase section */
		C0CEA1BC2B23453D000349D3 /* Resources */ = {
			isa = PBXResourcesBuildPhase;
			buildActionMask = 2147483647;
			files = (
				C0CEA1CE2B23454F000349D3 /* LaunchScreen.storyboard in Resources */,
				C0CEA1CB2B23454F000349D3 /* Assets.xcassets in Resources */,
				C0CEA1C92B23453D000349D3 /* Main.storyboard in Resources */,
			);
			runOnlyForDeploymentPostprocessing = 0;
		};
/* End PBXResourcesBuildPhase section */

/* Begin PBXSourcesBuildPhase section */
		C0CEA1BA2B23453D000349D3 /* Sources */ = {
			isa = PBXSourcesBuildPhase;
			buildActionMask = 2147483647;
			files = (
				C0CEA1E72B23473E000349D3 /* AzulView.swift in Sources */,
				C0CEA1E12B234718000349D3 /* VerdeViewController.swift in Sources */,
				C0CEA1F12B2348AC000349D3 /* Coordinator.swift in Sources */,
				C0CEA1C62B23453D000349D3 /* ViewController.swift in Sources */,
				C0CEA1EB2B23475D000349D3 /* VerdeCoordinator.swift in Sources */,
				C0CEA1EF2B23477E000349D3 /* VermelhaCoordinator.swift in Sources */,
				C0CEA1E52B234734000349D3 /* VermelhaViewController.swift in Sources */,
				C0CEA1E32B234722000349D3 /* VermelhaView.swift in Sources */,
				C0CEA1ED2B23476A000349D3 /* AzulCoordinator.swift in Sources */,
				C0CEA1E92B23474B000349D3 /* AzulViewController.swift in Sources */,
				C0CEA1C22B23453D000349D3 /* AppDelegate.swift in Sources */,
				C0CEA1F42B234AF8000349D3 /* ButtonDefault.swift in Sources */,
				C0CEA1C42B23453D000349D3 /* SceneDelegate.swift in Sources */,
				C0CEA1DF2B23470E000349D3 /* VerdeView.swift in Sources */,
				C0CEA1F72B2359ED000349D3 /* UIColor+.swift in Sources */,
			);
			runOnlyForDeploymentPostprocessing = 0;
		};
/* End PBXSourcesBuildPhase section */

/* Begin PBXVariantGroup section */
		C0CEA1C72B23453D000349D3 /* Main.storyboard */ = {
			isa = PBXVariantGroup;
			children = (
				C0CEA1C82B23453D000349D3 /* Base */,
			);
			name = Main.storyboard;
			sourceTree = "<group>";
		};
		C0CEA1CC2B23454F000349D3 /* LaunchScreen.storyboard */ = {
			isa = PBXVariantGroup;
			children = (
				C0CEA1CD2B23454F000349D3 /* Base */,
			);
			name = LaunchScreen.storyboard;
			sourceTree = "<group>";
		};
/* End PBXVariantGroup section */

/* Begin XCBuildConfiguration section */
		C0CEA1D02B234550000349D3 /* Debug */ = {
			isa = XCBuildConfiguration;
			buildSettings = {
				ALWAYS_SEARCH_USER_PATHS = NO;
				ASSETCATALOG_COMPILER_GENERATE_SWIFT_ASSET_SYMBOL_EXTENSIONS = YES;
				CLANG_ANALYZER_NONNULL = YES;
				CLANG_ANALYZER_NUMBER_OBJECT_CONVERSION = YES_AGGRESSIVE;
				CLANG_CXX_LANGUAGE_STANDARD = "gnu++20";
				CLANG_ENABLE_MODULES = YES;
				CLANG_ENABLE_OBJC_ARC = YES;
				CLANG_ENABLE_OBJC_WEAK = YES;
				CLANG_WARN_BLOCK_CAPTURE_AUTORELEASING = YES;
				CLANG_WARN_BOOL_CONVERSION = YES;
				CLANG_WARN_COMMA = YES;
				CLANG_WARN_CONSTANT_CONVERSION = YES;
				CLANG_WARN_DEPRECATED_OBJC_IMPLEMENTATIONS = YES;
				CLANG_WARN_DIRECT_OBJC_ISA_USAGE = YES_ERROR;
				CLANG_WARN_DOCUMENTATION_COMMENTS = YES;
				CLANG_WARN_EMPTY_BODY = YES;
				CLANG_WARN_ENUM_CONVERSION = YES;
				CLANG_WARN_INFINITE_RECURSION = YES;
				CLANG_WARN_INT_CONVERSION = YES;
				CLANG_WARN_NON_LITERAL_NULL_CONVERSION = YES;
				CLANG_WARN_OBJC_IMPLICIT_RETAIN_SELF = YES;
				CLANG_WARN_OBJC_LITERAL_CONVERSION = YES;
				CLANG_WARN_OBJC_ROOT_CLASS = YES_ERROR;
				CLANG_WARN_QUOTED_INCLUDE_IN_FRAMEWORK_HEADER = YES;
				CLANG_WARN_RANGE_LOOP_ANALYSIS = YES;
				CLANG_WARN_STRICT_PROTOTYPES = YES;
				CLANG_WARN_SUSPICIOUS_MOVE = YES;
				CLANG_WARN_UNGUARDED_AVAILABILITY = YES_AGGRESSIVE;
				CLANG_WARN_UNREACHABLE_CODE = YES;
				CLANG_WARN__DUPLICATE_METHOD_MATCH = YES;
				COPY_PHASE_STRIP = NO;
				DEBUG_INFORMATION_FORMAT = dwarf;
				ENABLE_STRICT_OBJC_MSGSEND = YES;
				ENABLE_TESTABILITY = YES;
				ENABLE_USER_SCRIPT_SANDBOXING = YES;
				GCC_C_LANGUAGE_STANDARD = gnu17;
				GCC_DYNAMIC_NO_PIC = NO;
				GCC_NO_COMMON_BLOCKS = YES;
				GCC_OPTIMIZATION_LEVEL = 0;
				GCC_PREPROCESSOR_DEFINITIONS = (
					"DEBUG=1",
					"$(inherited)",
				);
				GCC_WARN_64_TO_32_BIT_CONVERSION = YES;
				GCC_WARN_ABOUT_RETURN_TYPE = YES_ERROR;
				GCC_WARN_UNDECLARED_SELECTOR = YES;
				GCC_WARN_UNINITIALIZED_AUTOS = YES_AGGRESSIVE;
				GCC_WARN_UNUSED_FUNCTION = YES;
				GCC_WARN_UNUSED_VARIABLE = YES;
				IPHONEOS_DEPLOYMENT_TARGET = 17.0;
				LOCALIZATION_PREFERS_STRING_CATALOGS = YES;
				MTL_ENABLE_DEBUG_INFO = INCLUDE_SOURCE;
				MTL_FAST_MATH = YES;
				ONLY_ACTIVE_ARCH = YES;
				SDKROOT = iphoneos;
				SWIFT_ACTIVE_COMPILATION_CONDITIONS = "DEBUG $(inherited)";
				SWIFT_OPTIMIZATION_LEVEL = "-Onone";
			};
			name = Debug;
		};
		C0CEA1D12B234550000349D3 /* Release */ = {
			isa = XCBuildConfiguration;
			buildSettings = {
				ALWAYS_SEARCH_USER_PATHS = NO;
				ASSETCATALOG_COMPILER_GENERATE_SWIFT_ASSET_SYMBOL_EXTENSIONS = YES;
				CLANG_ANALYZER_NONNULL = YES;
				CLANG_ANALYZER_NUMBER_OBJECT_CONVERSION = YES_AGGRESSIVE;
				CLANG_CXX_LANGUAGE_STANDARD = "gnu++20";
				CLANG_ENABLE_MODULES = YES;
				CLANG_ENABLE_OBJC_ARC = YES;
				CLANG_ENABLE_OBJC_WEAK = YES;
				CLANG_WARN_BLOCK_CAPTURE_AUTORELEASING = YES;
				CLANG_WARN_BOOL_CONVERSION = YES;
				CLANG_WARN_COMMA = YES;
				CLANG_WARN_CONSTANT_CONVERSION = YES;
				CLANG_WARN_DEPRECATED_OBJC_IMPLEMENTATIONS = YES;
				CLANG_WARN_DIRECT_OBJC_ISA_USAGE = YES_ERROR;
				CLANG_WARN_DOCUMENTATION_COMMENTS = YES;
				CLANG_WARN_EMPTY_BODY = YES;
				CLANG_WARN_ENUM_CONVERSION = YES;
				CLANG_WARN_INFINITE_RECURSION = YES;
				CLANG_WARN_INT_CONVERSION = YES;
				CLANG_WARN_NON_LITERAL_NULL_CONVERSION = YES;
				CLANG_WARN_OBJC_IMPLICIT_RETAIN_SELF = YES;
				CLANG_WARN_OBJC_LITERAL_CONVERSION = YES;
				CLANG_WARN_OBJC_ROOT_CLASS = YES_ERROR;
				CLANG_WARN_QUOTED_INCLUDE_IN_FRAMEWORK_HEADER = YES;
				CLANG_WARN_RANGE_LOOP_ANALYSIS = YES;
				CLANG_WARN_STRICT_PROTOTYPES = YES;
				CLANG_WARN_SUSPICIOUS_MOVE = YES;
				CLANG_WARN_UNGUARDED_AVAILABILITY = YES_AGGRESSIVE;
				CLANG_WARN_UNREACHABLE_CODE = YES;
				CLANG_WARN__DUPLICATE_METHOD_MATCH = YES;
				COPY_PHASE_STRIP = NO;
				DEBUG_INFORMATION_FORMAT = "dwarf-with-dsym";
				ENABLE_NS_ASSERTIONS = NO;
				ENABLE_STRICT_OBJC_MSGSEND = YES;
				ENABLE_USER_SCRIPT_SANDBOXING = YES;
				GCC_C_LANGUAGE_STANDARD = gnu17;
				GCC_NO_COMMON_BLOCKS = YES;
				GCC_WARN_64_TO_32_BIT_CONVERSION = YES;
				GCC_WARN_ABOUT_RETURN_TYPE = YES_ERROR;
				GCC_WARN_UNDECLARED_SELECTOR = YES;
				GCC_WARN_UNINITIALIZED_AUTOS = YES_AGGRESSIVE;
				GCC_WARN_UNUSED_FUNCTION = YES;
				GCC_WARN_UNUSED_VARIABLE = YES;
				IPHONEOS_DEPLOYMENT_TARGET = 17.0;
				LOCALIZATION_PREFERS_STRING_CATALOGS = YES;
				MTL_ENABLE_DEBUG_INFO = NO;
				MTL_FAST_MATH = YES;
				SDKROOT = iphoneos;
				SWIFT_COMPILATION_MODE = wholemodule;
				VALIDATE_PRODUCT = YES;
			};
			name = Release;
		};
		C0CEA1D32B234550000349D3 /* Debug */ = {
			isa = XCBuildConfiguration;
			buildSettings = {
				ASSETCATALOG_COMPILER_APPICON_NAME = AppIcon;
				ASSETCATALOG_COMPILER_GLOBAL_ACCENT_COLOR_NAME = AccentColor;
				CODE_SIGN_STYLE = Automatic;
				CURRENT_PROJECT_VERSION = 1;
				GENERATE_INFOPLIST_FILE = YES;
				INFOPLIST_FILE = TelasSwift/Info.plist;
				INFOPLIST_KEY_UIApplicationSupportsIndirectInputEvents = YES;
				INFOPLIST_KEY_UILaunchStoryboardName = LaunchScreen;
				INFOPLIST_KEY_UIMainStoryboardFile = Main;
				INFOPLIST_KEY_UISupportedInterfaceOrientations_iPad = "UIInterfaceOrientationPortrait UIInterfaceOrientationPortraitUpsideDown UIInterfaceOrientationLandscapeLeft UIInterfaceOrientationLandscapeRight";
				INFOPLIST_KEY_UISupportedInterfaceOrientations_iPhone = "UIInterfaceOrientationPortrait UIInterfaceOrientationLandscapeLeft UIInterfaceOrientationLandscapeRight";
				LD_RUNPATH_SEARCH_PATHS = (
					"$(inherited)",
					"@executable_path/Frameworks",
				);
				MARKETING_VERSION = 1.0;
				PRODUCT_BUNDLE_IDENTIFIER = br.com.anne.TelasSwift;
				PRODUCT_NAME = "$(TARGET_NAME)";
				SWIFT_EMIT_LOC_STRINGS = YES;
				SWIFT_VERSION = 5.0;
				TARGETED_DEVICE_FAMILY = "1,2";
			};
			name = Debug;
		};
		C0CEA1D42B234550000349D3 /* Release */ = {
			isa = XCBuildConfiguration;
			buildSettings = {
				ASSETCATALOG_COMPILER_APPICON_NAME = AppIcon;
				ASSETCATALOG_COMPILER_GLOBAL_ACCENT_COLOR_NAME = AccentColor;
				CODE_SIGN_STYLE = Automatic;
				CURRENT_PROJECT_VERSION = 1;
				GENERATE_INFOPLIST_FILE = YES;
				INFOPLIST_FILE = TelasSwift/Info.plist;
				INFOPLIST_KEY_UIApplicationSupportsIndirectInputEvents = YES;
				INFOPLIST_KEY_UILaunchStoryboardName = LaunchScreen;
				INFOPLIST_KEY_UIMainStoryboardFile = Main;
				INFOPLIST_KEY_UISupportedInterfaceOrientations_iPad = "UIInterfaceOrientationPortrait UIInterfaceOrientationPortraitUpsideDown UIInterfaceOrientationLandscapeLeft UIInterfaceOrientationLandscapeRight";
				INFOPLIST_KEY_UISupportedInterfaceOrientations_iPhone = "UIInterfaceOrientationPortrait UIInterfaceOrientationLandscapeLeft UIInterfaceOrientationLandscapeRight";
				LD_RUNPATH_SEARCH_PATHS = (
					"$(inherited)",
					"@executable_path/Frameworks",
				);
				MARKETING_VERSION = 1.0;
				PRODUCT_BUNDLE_IDENTIFIER = br.com.anne.TelasSwift;
				PRODUCT_NAME = "$(TARGET_NAME)";
				SWIFT_EMIT_LOC_STRINGS = YES;
				SWIFT_VERSION = 5.0;
				TARGETED_DEVICE_FAMILY = "1,2";
			};
			name = Release;
		};
/* End XCBuildConfiguration section */

/* Begin XCConfigurationList section */
		C0CEA1B92B23453D000349D3 /* Build configuration list for PBXProject "TelasSwift" */ = {
			isa = XCConfigurationList;
			buildConfigurations = (
				C0CEA1D02B234550000349D3 /* Debug */,
				C0CEA1D12B234550000349D3 /* Release */,
			);
			defaultConfigurationIsVisible = 0;
			defaultConfigurationName = Release;
		};
		C0CEA1D22B234550000349D3 /* Build configuration list for PBXNativeTarget "TelasSwift" */ = {
			isa = XCConfigurationList;
			buildConfigurations = (
				C0CEA1D32B234550000349D3 /* Debug */,
				C0CEA1D42B234550000349D3 /* Release */,
			);
			defaultConfigurationIsVisible = 0;
			defaultConfigurationName = Release;
		};
/* End XCConfigurationList section */
	};
	rootObject = C0CEA1B62B23453D000349D3 /* Project object */;
}
